
Microsoft Visual Studio Solution File, Format Version 12.00
# Visual Studio 15
VisualStudioVersion = 15.0.28010.0
MinimumVisualStudioVersion = 10.0.40219.1
Project("{FAE04EC0-301F-11D3-BF4B-00C04F79EFBC}") = "CodeSample", "CodeSample\CodeSample.csproj", "{AB5B9AC9-DC86-40DB-8CAE-1D6744E7F78C}"
EndProject
Project("{FAE04EC0-301F-11D3-BF4B-00C04F79EFBC}") = "CodeSample.Tests", "CodeSample.Tests\CodeSample.Tests.csproj", "{777054D7-4A7D-4885-B269-B019833C088A}"
EndProject
Global
	GlobalSection(SolutionConfigurationPlatforms) = preSolution
		Debug|Any CPU = Debug|Any CPU
		Release|Any CPU = Release|Any CPU
	EndGlobalSection
	GlobalSection(ProjectConfigurationPlatforms) = postSolution
		{AB5B9AC9-DC86-40DB-8CAE-1D6744E7F78C}.Debug|Any CPU.ActiveCfg = Debug|Any CPU
		{AB5B9AC9-DC86-40DB-8CAE-1D6744E7F78C}.Debug|Any CPU.Build.0 = Debug|Any CPU
		{AB5B9AC9-DC86-40DB-8CAE-1D6744E7F78C}.Release|Any CPU.ActiveCfg = Release|Any CPU
		{AB5B9AC9-DC86-40DB-8CAE-1D6744E7F78C}.Release|Any CPU.Build.0 = Release|Any CPU
		{777054D7-4A7D-4885-B269-B019833C088A}.Debug|Any CPU.ActiveCfg = Debug|Any CPU
		{777054D7-4A7D-4885-B269-B019833C088A}.Debug|Any CPU.Build.0 = Debug|Any CPU
		{777054D7-4A7D-4885-B269-B019833C088A}.Release|Any CPU.ActiveCfg = Release|Any CPU
		{777054D7-4A7D-4885-B269-B019833C088A}.Release|Any CPU.Build.0 = Release|Any CPU
	EndGlobalSection
	GlobalSection(SolutionProperties) = preSolution
		HideSolutionNode = FALSE
	EndGlobalSection
	GlobalSection(ExtensibilityGlobals) = postSolution
		SolutionGuid = {0901B6BE-B752-4F14-BCD7-F5C9FC9DA3F5}
	EndGlobalSection
EndGlobal
